{
  "version": 4,
  "terraform_version": "0.12.26",
  "serial": 27,
  "lineage": "90f91f12-ad5a-a6d1-59ce-57e4886b67d1",
  "outputs": {
    "ns-servers": {
      "value": [
        "ns-1184.awsdns-20.org",
        "ns-1701.awsdns-20.co.uk",
        "ns-366.awsdns-45.com",
        "ns-706.awsdns-24.net"
      ],
      "type": [
        "list",
        "string"
      ]
    }
  },
  "resources": [
    {
      "mode": "managed",
      "type": "aws_internet_gateway",
      "name": "PROJECT_IGW",
      "provider": "provider.aws",
      "instances": [
        {
          "schema_version": 0,
          "attributes": {
            "id": "igw-058ce2ddae5c0727b",
            "owner_id": "351429232809",
            "tags": {
              "Environment": "TALLER DEVOPS SRE",
              "Name": "TALLER DEVOPS SRE-IGW",
              "Product": "WEBAPP"
            },
            "vpc_id": "vpc-06d2c8017dfa6e94c"
          },
          "private": "bnVsbA==",
          "dependencies": [
            "aws_vpc.PROJECT_VPC"
          ]
        }
      ]
    },
    {
      "mode": "managed",
      "type": "aws_route53_record",
      "name": "mail1-record",
      "provider": "provider.aws",
      "instances": [
        {
          "schema_version": 2,
          "attributes": {
            "alias": [],
            "allow_overwrite": null,
            "failover_routing_policy": [],
            "fqdn": "newtech.academy",
            "geolocation_routing_policy": [],
            "health_check_id": null,
            "id": "Z095956830ABRTTHVAMD0_newtech.academy_MX",
            "latency_routing_policy": [],
            "multivalue_answer_routing_policy": null,
            "name": "newtech.academy",
            "records": [
              "1 aspmx.l.google.com.",
              "10 aspmx2.googlemail.com.",
              "10 aspmx3.googlemail.com.",
              "5 alt1.aspmx.l.google.com.",
              "5 alt2.aspmx.l.google.com."
            ],
            "set_identifier": null,
            "ttl": 300,
            "type": "MX",
            "weighted_routing_policy": [],
            "zone_id": "Z095956830ABRTTHVAMD0"
          },
          "private": "eyJzY2hlbWFfdmVyc2lvbiI6IjIifQ==",
          "dependencies": [
            "aws_route53_zone.newtech-academy"
          ]
        }
      ]
    },
    {
      "mode": "managed",
      "type": "aws_route53_record",
      "name": "server1-record",
      "provider": "provider.aws",
      "instances": [
        {
          "schema_version": 2,
          "attributes": {
            "alias": [],
            "allow_overwrite": null,
            "failover_routing_policy": [],
            "fqdn": "server1.newtech.academy",
            "geolocation_routing_policy": [],
            "health_check_id": null,
            "id": "Z095956830ABRTTHVAMD0_server1.newtech.academy_A",
            "latency_routing_policy": [],
            "multivalue_answer_routing_policy": null,
            "name": "server1.newtech.academy",
            "records": [
              "104.236.247.8"
            ],
            "set_identifier": null,
            "ttl": 300,
            "type": "A",
            "weighted_routing_policy": [],
            "zone_id": "Z095956830ABRTTHVAMD0"
          },
          "private": "eyJzY2hlbWFfdmVyc2lvbiI6IjIifQ==",
          "dependencies": [
            "aws_route53_zone.newtech-academy"
          ]
        }
      ]
    },
    {
      "mode": "managed",
      "type": "aws_route53_record",
      "name": "www-record",
      "provider": "provider.aws",
      "instances": [
        {
          "schema_version": 2,
          "attributes": {
            "alias": [],
            "allow_overwrite": null,
            "failover_routing_policy": [],
            "fqdn": "www.newtech.academy",
            "geolocation_routing_policy": [],
            "health_check_id": null,
            "id": "Z095956830ABRTTHVAMD0_www.newtech.academy_A",
            "latency_routing_policy": [],
            "multivalue_answer_routing_policy": null,
            "name": "www.newtech.academy",
            "records": [
              "104.236.247.8"
            ],
            "set_identifier": null,
            "ttl": 300,
            "type": "A",
            "weighted_routing_policy": [],
            "zone_id": "Z095956830ABRTTHVAMD0"
          },
          "private": "eyJzY2hlbWFfdmVyc2lvbiI6IjIifQ==",
          "dependencies": [
            "aws_route53_zone.newtech-academy"
          ]
        }
      ]
    },
    {
      "mode": "managed",
      "type": "aws_route53_zone",
      "name": "newtech-academy",
      "provider": "provider.aws",
      "instances": [
        {
          "schema_version": 0,
          "attributes": {
            "comment": "Managed by Terraform",
            "delegation_set_id": "",
            "force_destroy": false,
            "id": "Z095956830ABRTTHVAMD0",
            "name": "newtech.academy.",
            "name_servers": [
              "ns-1184.awsdns-20.org",
              "ns-1701.awsdns-20.co.uk",
              "ns-366.awsdns-45.com",
              "ns-706.awsdns-24.net"
            ],
            "tags": null,
            "vpc": [],
            "vpc_id": null,
            "vpc_region": null,
            "zone_id": "Z095956830ABRTTHVAMD0"
          },
          "private": "bnVsbA=="
        }
      ]
    },
    {
      "mode": "managed",
      "type": "aws_vpc",
      "name": "PROJECT_VPC",
      "provider": "provider.aws",
      "instances": [
        {
          "schema_version": 1,
          "attributes": {
            "arn": "arn:aws:ec2:us-east-2:351429232809:vpc/vpc-06d2c8017dfa6e94c",
            "assign_generated_ipv6_cidr_block": false,
            "cidr_block": "10.12.0.0/24",
            "default_network_acl_id": "acl-0ae6f4a2f514acfd1",
            "default_route_table_id": "rtb-05080e06c557652ed",
            "default_security_group_id": "sg-023344ffd41ee9d17",
            "dhcp_options_id": "dopt-5d7cd536",
            "enable_classiclink": null,
            "enable_classiclink_dns_support": null,
            "enable_dns_hostnames": true,
            "enable_dns_support": true,
            "id": "vpc-06d2c8017dfa6e94c",
            "instance_tenancy": "default",
            "ipv6_association_id": "",
            "ipv6_cidr_block": "",
            "main_route_table_id": "rtb-05080e06c557652ed",
            "owner_id": "351429232809",
            "tags": {
              "Environment": "TALLER DEVOPS SRE",
              "Name": "TALLER DEVOPS SRE-VPC",
              "Product": "WEBAPP"
            }
          },
          "private": "eyJzY2hlbWFfdmVyc2lvbiI6IjEifQ=="
        }
      ]
    }
  ]
}
